
Microsoft Visual Studio Solution File, Format Version 12.00
# Visual Studio Version 16
VisualStudioVersion = 16.0.30114.105
MinimumVisualStudioVersion = 10.0.40219.1
Project("{FAE04EC0-301F-11D3-BF4B-00C04F79EFBC}") = "HF.Web", "HF.Web\HF.Web.csproj", "{40741852-C946-4484-9F26-28F5E2C89BBE}"
EndProject
Global
	GlobalSection(SolutionConfigurationPlatforms) = preSolution
		Debug|Any CPU = Debug|Any CPU
		Release|Any CPU = Release|Any CPU
	EndGlobalSection
	GlobalSection(ProjectConfigurationPlatforms) = postSolution
		{40741852-C946-4484-9F26-28F5E2C89BBE}.Debug|Any CPU.ActiveCfg = Debug|Any CPU
		{40741852-C946-4484-9F26-28F5E2C89BBE}.Debug|Any CPU.Build.0 = Debug|Any CPU
		{40741852-C946-4484-9F26-28F5E2C89BBE}.Release|Any CPU.ActiveCfg = Release|Any CPU
		{40741852-C946-4484-9F26-28F5E2C89BBE}.Release|Any CPU.Build.0 = Release|Any CPU
	EndGlobalSection
	GlobalSection(SolutionProperties) = preSolution
		HideSolutionNode = FALSE
	EndGlobalSection
	GlobalSection(ExtensibilityGlobals) = postSolution
		SolutionGuid = {09DA0117-B14A-4F12-A457-782676D3374E}
	EndGlobalSection
EndGlobal
